// !$*UTF8*$!
{
	archiveVersion = 1;
	classes = {
	};
	objectVersion = 56;
	objects = {

/* Begin PBXBuildFile section */
		372E3DF02A8C818400F1AA11 /* AppDelegate.swift in Sources */ = {isa = PBXBuildFile; fileRef = 372E3DEF2A8C818400F1AA11 /* AppDelegate.swift */; };
		372E3DF22A8C818400F1AA11 /* SceneDelegate.swift in Sources */ = {isa = PBXBuildFile; fileRef = 372E3DF12A8C818400F1AA11 /* SceneDelegate.swift */; };
		372E3DF42A8C818400F1AA11 /* ViewController.swift in Sources */ = {isa = PBXBuildFile; fileRef = 372E3DF32A8C818400F1AA11 /* ViewController.swift */; };
		372E3DF72A8C818400F1AA11 /* Main.storyboard in Resources */ = {isa = PBXBuildFile; fileRef = 372E3DF52A8C818400F1AA11 /* Main.storyboard */; };
		372E3DF92A8C818700F1AA11 /* Assets.xcassets in Resources */ = {isa = PBXBuildFile; fileRef = 372E3DF82A8C818700F1AA11 /* Assets.xcassets */; };
		372E3DFC2A8C818700F1AA11 /* LaunchScreen.storyboard in Resources */ = {isa = PBXBuildFile; fileRef = 372E3DFA2A8C818700F1AA11 /* LaunchScreen.storyboard */; };
		372E3E082A8CFB1D00F1AA11 /* Llama2.swift in Sources */ = {isa = PBXBuildFile; fileRef = 372E3E072A8CFB1D00F1AA11 /* Llama2.swift */; };
		372E3E0A2A8D035B00F1AA11 /* llama2.mlmodel in Sources */ = {isa = PBXBuildFile; fileRef = 372E3E092A8D035B00F1AA11 /* llama2.mlmodel */; };
		37D6484A2A8E732600458F4D /* tokenizer.mm in Sources */ = {isa = PBXBuildFile; fileRef = 37D648492A8E732600458F4D /* tokenizer.mm */; };
		37D6484D2A8E73F200458F4D /* tokenizer.bin in Resources */ = {isa = PBXBuildFile; fileRef = 37D6484C2A8E73F200458F4D /* tokenizer.bin */; };
/* End PBXBuildFile section */

/* Begin PBXFileReference section */
		372E3DEC2A8C818400F1AA11 /* Llama2-CoreML.app */ = {isa = PBXFileReference; explicitFileType = wrapper.application; includeInIndex = 0; path = "Llama2-CoreML.app"; sourceTree = BUILT_PRODUCTS_DIR; };
		372E3DEF2A8C818400F1AA11 /* AppDelegate.swift */ = {isa = PBXFileReference; lastKnownFileType = sourcecode.swift; path = AppDelegate.swift; sourceTree = "<group>"; };
		372E3DF12A8C818400F1AA11 /* SceneDelegate.swift */ = {isa = PBXFileReference; lastKnownFileType = sourcecode.swift; path = SceneDelegate.swift; sourceTree = "<group>"; };
		372E3DF32A8C818400F1AA11 /* ViewController.swift */ = {isa = PBXFileReference; lastKnownFileType = sourcecode.swift; path = ViewController.swift; sourceTree = "<group>"; };
		372E3DF62A8C818400F1AA11 /* Base */ = {isa = PBXFileReference; lastKnownFileType = file.storyboard; name = Base; path = Base.lproj/Main.storyboard; sourceTree = "<group>"; };
		372E3DF82A8C818700F1AA11 /* Assets.xcassets */ = {isa = PBXFileReference; lastKnownFileType = folder.assetcatalog; path = Assets.xcassets; sourceTree = "<group>"; };
		372E3DFB2A8C818700F1AA11 /* Base */ = {isa = PBXFileReference; lastKnownFileType = file.storyboard; name = Base; path = Base.lproj/LaunchScreen.storyboard; sourceTree = "<group>"; };
		372E3DFD2A8C818700F1AA11 /* Info.plist */ = {isa = PBXFileReference; lastKnownFileType = text.plist.xml; path = Info.plist; sourceTree = "<group>"; };
		372E3E072A8CFB1D00F1AA11 /* Llama2.swift */ = {isa = PBXFileReference; lastKnownFileType = sourcecode.swift; path = Llama2.swift; sourceTree = "<group>"; };
		372E3E092A8D035B00F1AA11 /* llama2.mlmodel */ = {isa = PBXFileReference; lastKnownFileType = file.mlmodel; path = llama2.mlmodel; sourceTree = "<group>"; };
		37D648482A8E732600458F4D /* Llama2-CoreML-Bridging-Header.h */ = {isa = PBXFileReference; fileEncoding = 4; lastKnownFileType = sourcecode.c.h; path = "Llama2-CoreML-Bridging-Header.h"; sourceTree = "<group>"; };
		37D648492A8E732600458F4D /* tokenizer.mm */ = {isa = PBXFileReference; fileEncoding = 4; lastKnownFileType = sourcecode.cpp.objcpp; path = tokenizer.mm; sourceTree = "<group>"; };
		37D6484B2A8E737100458F4D /* tokenizer.h */ = {isa = PBXFileReference; fileEncoding = 4; lastKnownFileType = sourcecode.c.h; path = tokenizer.h; sourceTree = "<group>"; };
		37D6484C2A8E73F200458F4D /* tokenizer.bin */ = {isa = PBXFileReference; lastKnownFileType = archive.macbinary; path = tokenizer.bin; sourceTree = "<group>"; };
/* End PBXFileReference section */

/* Begin PBXFrameworksBuildPhase section */
		372E3DE92A8C818400F1AA11 /* Frameworks */ = {
			isa = PBXFrameworksBuildPhase;
			buildActionMask = 2147483647;
			files = (
			);
			runOnlyForDeploymentPostprocessing = 0;
		};
/* End PBXFrameworksBuildPhase section */

/* Begin PBXGroup section */
		372E3DE32A8C818400F1AA11 = {
			isa = PBXGroup;
			children = (
				372E3DEE2A8C818400F1AA11 /* Llama2-CoreML */,
				372E3DED2A8C818400F1AA11 /* Products */,
			);
			sourceTree = "<group>";
		};
		372E3DED2A8C818400F1AA11 /* Products */ = {
			isa = PBXGroup;
			children = (
				372E3DEC2A8C818400F1AA11 /* Llama2-CoreML.app */,
			);
			name = Products;
			sourceTree = "<group>";
		};
		372E3DEE2A8C818400F1AA11 /* Llama2-CoreML */ = {
			isa = PBXGroup;
			children = (
				37D648472A8E72F400458F4D /* tokenizer */,
				372E3E092A8D035B00F1AA11 /* llama2.mlmodel */,
				372E3DEF2A8C818400F1AA11 /* AppDelegate.swift */,
				372E3DF12A8C818400F1AA11 /* SceneDelegate.swift */,
				372E3DF32A8C818400F1AA11 /* ViewController.swift */,
				372E3DF52A8C818400F1AA11 /* Main.storyboard */,
				372E3DF82A8C818700F1AA11 /* Assets.xcassets */,
				372E3DFA2A8C818700F1AA11 /* LaunchScreen.storyboard */,
				372E3DFD2A8C818700F1AA11 /* Info.plist */,
				372E3E072A8CFB1D00F1AA11 /* Llama2.swift */,
			);
			path = "Llama2-CoreML";
			sourceTree = "<group>";
		};
		37D648472A8E72F400458F4D /* tokenizer */ = {
			isa = PBXGroup;
			children = (
				37D6484C2A8E73F200458F4D /* tokenizer.bin */,
				37D6484B2A8E737100458F4D /* tokenizer.h */,
				37D648482A8E732600458F4D /* Llama2-CoreML-Bridging-Header.h */,
				37D648492A8E732600458F4D /* tokenizer.mm */,
			);
			path = tokenizer;
			sourceTree = "<group>";
		};
/* End PBXGroup section */

/* Begin PBXNativeTarget section */
		372E3DEB2A8C818400F1AA11 /* Llama2-CoreML */ = {
			isa = PBXNativeTarget;
			buildConfigurationList = 372E3E002A8C818700F1AA11 /* Build configuration list for PBXNativeTarget "Llama2-CoreML" */;
			buildPhases = (
				372E3DE82A8C818400F1AA11 /* Sources */,
				372E3DE92A8C818400F1AA11 /* Frameworks */,
				372E3DEA2A8C818400F1AA11 /* Resources */,
			);
			buildRules = (
			);
			dependencies = (
			);
			name = "Llama2-CoreML";
			productName = "Llama2-CoreML";
			productReference = 372E3DEC2A8C818400F1AA11 /* Llama2-CoreML.app */;
			productType = "com.apple.product-type.application";
		};
/* End PBXNativeTarget section */

/* Begin PBXProject section */
		372E3DE42A8C818400F1AA11 /* Project object */ = {
			isa = PBXProject;
			attributes = {
				BuildIndependentTargetsInParallel = 1;
				LastSwiftUpdateCheck = 1430;
				LastUpgradeCheck = 1430;
				TargetAttributes = {
					372E3DEB2A8C818400F1AA11 = {
						CreatedOnToolsVersion = 14.3.1;
						LastSwiftMigration = 1430;
					};
				};
			};
			buildConfigurationList = 372E3DE72A8C818400F1AA11 /* Build configuration list for PBXProject "Llama2-CoreML" */;
			compatibilityVersion = "Xcode 14.0";
			developmentRegion = en;
			hasScannedForEncodings = 0;
			knownRegions = (
				en,
				Base,
			);
			mainGroup = 372E3DE32A8C818400F1AA11;
			productRefGroup = 372E3DED2A8C818400F1AA11 /* Products */;
			projectDirPath = "";
			projectRoot = "";
			targets = (
				372E3DEB2A8C818400F1AA11 /* Llama2-CoreML */,
			);
		};
/* End PBXProject section */

/* Begin PBXResourcesBuildPhase section */
		372E3DEA2A8C818400F1AA11 /* Resources */ = {
			isa = PBXResourcesBuildPhase;
			buildActionMask = 2147483647;
			files = (
				372E3DFC2A8C818700F1AA11 /* LaunchScreen.storyboard in Resources */,
				372E3DF92A8C818700F1AA11 /* Assets.xcassets in Resources */,
				372E3DF72A8C818400F1AA11 /* Main.storyboard in Resources */,
				37D6484D2A8E73F200458F4D /* tokenizer.bin in Resources */,
			);
			runOnlyForDeploymentPostprocessing = 0;
		};
/* End PBXResourcesBuildPhase section */

/* Begin PBXSourcesBuildPhase section */
		372E3DE82A8C818400F1AA11 /* Sources */ = {
			isa = PBXSourcesBuildPhase;
			buildActionMask = 2147483647;
			files = (
				372E3E082A8CFB1D00F1AA11 /* Llama2.swift in Sources */,
				372E3DF42A8C818400F1AA11 /* ViewController.swift in Sources */,
				372E3DF02A8C818400F1AA11 /* AppDelegate.swift in Sources */,
				372E3E0A2A8D035B00F1AA11 /* llama2.mlmodel in Sources */,
				372E3DF22A8C818400F1AA11 /* SceneDelegate.swift in Sources */,
				37D6484A2A8E732600458F4D /* tokenizer.mm in Sources */,
			);
			runOnlyForDeploymentPostprocessing = 0;
		};
/* End PBXSourcesBuildPhase section */

/* Begin PBXVariantGroup section */
		372E3DF52A8C818400F1AA11 /* Main.storyboard */ = {
			isa = PBXVariantGroup;
			children = (
				372E3DF62A8C818400F1AA11 /* Base */,
			);
			name = Main.storyboard;
			sourceTree = "<group>";
		};
		372E3DFA2A8C818700F1AA11 /* LaunchScreen.storyboard */ = {
			isa = PBXVariantGroup;
			children = (
				372E3DFB2A8C818700F1AA11 /* Base */,
			);
			name = LaunchScreen.storyboard;
			sourceTree = "<group>";
		};
/* End PBXVariantGroup section */

/* Begin XCBuildConfiguration section */
		372E3DFE2A8C818700F1AA11 /* Debug */ = {
			isa = XCBuildConfiguration;
			buildSettings = {
				ALWAYS_SEARCH_USER_PATHS = NO;
				CLANG_ANALYZER_NONNULL = YES;
				CLANG_ANALYZER_NUMBER_OBJECT_CONVERSION = YES_AGGRESSIVE;
				CLANG_CXX_LANGUAGE_STANDARD = "gnu++20";
				CLANG_ENABLE_MODULES = YES;
				CLANG_ENABLE_OBJC_ARC = YES;
				CLANG_ENABLE_OBJC_WEAK = YES;
				CLANG_WARN_BLOCK_CAPTURE_AUTORELEASING = YES;
				CLANG_WARN_BOOL_CONVERSION = YES;
				CLANG_WARN_COMMA = YES;
				CLANG_WARN_CONSTANT_CONVERSION = YES;
				CLANG_WARN_DEPRECATED_OBJC_IMPLEMENTATIONS = YES;
				CLANG_WARN_DIRECT_OBJC_ISA_USAGE = YES_ERROR;
				CLANG_WARN_DOCUMENTATION_COMMENTS = YES;
				CLANG_WARN_EMPTY_BODY = YES;
				CLANG_WARN_ENUM_CONVERSION = YES;
				CLANG_WARN_INFINITE_RECURSION = YES;
				CLANG_WARN_INT_CONVERSION = YES;
				CLANG_WARN_NON_LITERAL_NULL_CONVERSION = YES;
				CLANG_WARN_OBJC_IMPLICIT_RETAIN_SELF = YES;
				CLANG_WARN_OBJC_LITERAL_CONVERSION = YES;
				CLANG_WARN_OBJC_ROOT_CLASS = YES_ERROR;
				CLANG_WARN_QUOTED_INCLUDE_IN_FRAMEWORK_HEADER = YES;
				CLANG_WARN_RANGE_LOOP_ANALYSIS = YES;
				CLANG_WARN_STRICT_PROTOTYPES = YES;
				CLANG_WARN_SUSPICIOUS_MOVE = YES;
				CLANG_WARN_UNGUARDED_AVAILABILITY = YES_AGGRESSIVE;
				CLANG_WARN_UNREACHABLE_CODE = YES;
				CLANG_WARN__DUPLICATE_METHOD_MATCH = YES;
				COPY_PHASE_STRIP = NO;
				DEBUG_INFORMATION_FORMAT = dwarf;
				ENABLE_STRICT_OBJC_MSGSEND = YES;
				ENABLE_TESTABILITY = YES;
				GCC_C_LANGUAGE_STANDARD = gnu11;
				GCC_DYNAMIC_NO_PIC = NO;
				GCC_NO_COMMON_BLOCKS = YES;
				GCC_OPTIMIZATION_LEVEL = 0;
				GCC_PREPROCESSOR_DEFINITIONS = (
					"DEBUG=1",
					"$(inherited)",
				);
				GCC_WARN_64_TO_32_BIT_CONVERSION = YES;
				GCC_WARN_ABOUT_RETURN_TYPE = YES_ERROR;
				GCC_WARN_UNDECLARED_SELECTOR = YES;
				GCC_WARN_UNINITIALIZED_AUTOS = YES_AGGRESSIVE;
				GCC_WARN_UNUSED_FUNCTION = YES;
				GCC_WARN_UNUSED_VARIABLE = YES;
				IPHONEOS_DEPLOYMENT_TARGET = 16.4;
				MTL_ENABLE_DEBUG_INFO = INCLUDE_SOURCE;
				MTL_FAST_MATH = YES;
				ONLY_ACTIVE_ARCH = YES;
				SDKROOT = iphoneos;
				SWIFT_ACTIVE_COMPILATION_CONDITIONS = DEBUG;
				SWIFT_OPTIMIZATION_LEVEL = "-Onone";
			};
			name = Debug;
		};
		372E3DFF2A8C818700F1AA11 /* Release */ = {
			isa = XCBuildConfiguration;
			buildSettings = {
				ALWAYS_SEARCH_USER_PATHS = NO;
				CLANG_ANALYZER_NONNULL = YES;
				CLANG_ANALYZER_NUMBER_OBJECT_CONVERSION = YES_AGGRESSIVE;
				CLANG_CXX_LANGUAGE_STANDARD = "gnu++20";
				CLANG_ENABLE_MODULES = YES;
				CLANG_ENABLE_OBJC_ARC = YES;
				CLANG_ENABLE_OBJC_WEAK = YES;
				CLANG_WARN_BLOCK_CAPTURE_AUTORELEASING = YES;
				CLANG_WARN_BOOL_CONVERSION = YES;
				CLANG_WARN_COMMA = YES;
				CLANG_WARN_CONSTANT_CONVERSION = YES;
				CLANG_WARN_DEPRECATED_OBJC_IMPLEMENTATIONS = YES;
				CLANG_WARN_DIRECT_OBJC_ISA_USAGE = YES_ERROR;
				CLANG_WARN_DOCUMENTATION_COMMENTS = YES;
				CLANG_WARN_EMPTY_BODY = YES;
				CLANG_WARN_ENUM_CONVERSION = YES;
				CLANG_WARN_INFINITE_RECURSION = YES;
				CLANG_WARN_INT_CONVERSION = YES;
				CLANG_WARN_NON_LITERAL_NULL_CONVERSION = YES;
				CLANG_WARN_OBJC_IMPLICIT_RETAIN_SELF = YES;
				CLANG_WARN_OBJC_LITERAL_CONVERSION = YES;
				CLANG_WARN_OBJC_ROOT_CLASS = YES_ERROR;
				CLANG_WARN_QUOTED_INCLUDE_IN_FRAMEWORK_HEADER = YES;
				CLANG_WARN_RANGE_LOOP_ANALYSIS = YES;
				CLANG_WARN_STRICT_PROTOTYPES = YES;
				CLANG_WARN_SUSPICIOUS_MOVE = YES;
				CLANG_WARN_UNGUARDED_AVAILABILITY = YES_AGGRESSIVE;
				CLANG_WARN_UNREACHABLE_CODE = YES;
				CLANG_WARN__DUPLICATE_METHOD_MATCH = YES;
				COPY_PHASE_STRIP = NO;
				DEBUG_INFORMATION_FORMAT = "dwarf-with-dsym";
				ENABLE_NS_ASSERTIONS = NO;
				ENABLE_STRICT_OBJC_MSGSEND = YES;
				GCC_C_LANGUAGE_STANDARD = gnu11;
				GCC_NO_COMMON_BLOCKS = YES;
				GCC_WARN_64_TO_32_BIT_CONVERSION = YES;
				GCC_WARN_ABOUT_RETURN_TYPE = YES_ERROR;
				GCC_WARN_UNDECLARED_SELECTOR = YES;
				GCC_WARN_UNINITIALIZED_AUTOS = YES_AGGRESSIVE;
				GCC_WARN_UNUSED_FUNCTION = YES;
				GCC_WARN_UNUSED_VARIABLE = YES;
				IPHONEOS_DEPLOYMENT_TARGET = 16.4;
				MTL_ENABLE_DEBUG_INFO = NO;
				MTL_FAST_MATH = YES;
				SDKROOT = iphoneos;
				SWIFT_COMPILATION_MODE = wholemodule;
				SWIFT_OPTIMIZATION_LEVEL = "-O";
				VALIDATE_PRODUCT = YES;
			};
			name = Release;
		};
		372E3E012A8C818700F1AA11 /* Debug */ = {
			isa = XCBuildConfiguration;
			buildSettings = {
				ASSETCATALOG_COMPILER_APPICON_NAME = AppIcon;
				ASSETCATALOG_COMPILER_GLOBAL_ACCENT_COLOR_NAME = AccentColor;
				CLANG_ENABLE_MODULES = YES;
				CODE_SIGN_STYLE = Automatic;
				CURRENT_PROJECT_VERSION = 1;
				DEVELOPMENT_TEAM = LXGRKDMEQU;
				GENERATE_INFOPLIST_FILE = YES;
				INFOPLIST_FILE = "Llama2-CoreML/Info.plist";
				INFOPLIST_KEY_UIApplicationSupportsIndirectInputEvents = YES;
				INFOPLIST_KEY_UILaunchStoryboardName = LaunchScreen;
				INFOPLIST_KEY_UIMainStoryboardFile = Main;
				INFOPLIST_KEY_UISupportedInterfaceOrientations_iPad = "UIInterfaceOrientationPortrait UIInterfaceOrientationPortraitUpsideDown UIInterfaceOrientationLandscapeLeft UIInterfaceOrientationLandscapeRight";
				INFOPLIST_KEY_UISupportedInterfaceOrientations_iPhone = "UIInterfaceOrientationPortrait UIInterfaceOrientationLandscapeLeft UIInterfaceOrientationLandscapeRight";
				LD_RUNPATH_SEARCH_PATHS = (
					"$(inherited)",
					"@executable_path/Frameworks",
				);
				MARKETING_VERSION = 1.0;
				PRODUCT_BUNDLE_IDENTIFIER = "home.Llama2-CoreML";
				PRODUCT_NAME = "$(TARGET_NAME)";
				SWIFT_EMIT_LOC_STRINGS = YES;
				SWIFT_OBJC_BRIDGING_HEADER = "Llama2-CoreML/tokenizer/Llama2-CoreML-Bridging-Header.h";
				SWIFT_OPTIMIZATION_LEVEL = "-Onone";
				SWIFT_VERSION = 5.0;
				TARGETED_DEVICE_FAMILY = "1,2";
			};
			name = Debug;
		};
		372E3E022A8C818700F1AA11 /* Release */ = {
			isa = XCBuildConfiguration;
			buildSettings = {
				ASSETCATALOG_COMPILER_APPICON_NAME = AppIcon;
				ASSETCATALOG_COMPILER_GLOBAL_ACCENT_COLOR_NAME = AccentColor;
				CLANG_ENABLE_MODULES = YES;
				CODE_SIGN_STYLE = Automatic;
				CURRENT_PROJECT_VERSION = 1;
				DEVELOPMENT_TEAM = LXGRKDMEQU;
				GENERATE_INFOPLIST_FILE = YES;
				INFOPLIST_FILE = "Llama2-CoreML/Info.plist";
				INFOPLIST_KEY_UIApplicationSupportsIndirectInputEvents = YES;
				INFOPLIST_KEY_UILaunchStoryboardName = LaunchScreen;
				INFOPLIST_KEY_UIMainStoryboardFile = Main;
				INFOPLIST_KEY_UISupportedInterfaceOrientations_iPad = "UIInterfaceOrientationPortrait UIInterfaceOrientationPortraitUpsideDown UIInterfaceOrientationLandscapeLeft UIInterfaceOrientationLandscapeRight";
				INFOPLIST_KEY_UISupportedInterfaceOrientations_iPhone = "UIInterfaceOrientationPortrait UIInterfaceOrientationLandscapeLeft UIInterfaceOrientationLandscapeRight";
				LD_RUNPATH_SEARCH_PATHS = (
					"$(inherited)",
					"@executable_path/Frameworks",
				);
				MARKETING_VERSION = 1.0;
				PRODUCT_BUNDLE_IDENTIFIER = "home.Llama2-CoreML";
				PRODUCT_NAME = "$(TARGET_NAME)";
				SWIFT_EMIT_LOC_STRINGS = YES;
				SWIFT_OBJC_BRIDGING_HEADER = "Llama2-CoreML/tokenizer/Llama2-CoreML-Bridging-Header.h";
				SWIFT_VERSION = 5.0;
				TARGETED_DEVICE_FAMILY = "1,2";
			};
			name = Release;
		};
/* End XCBuildConfiguration section */

/* Begin XCConfigurationList section */
		372E3DE72A8C818400F1AA11 /* Build configuration list for PBXProject "Llama2-CoreML" */ = {
			isa = XCConfigurationList;
			buildConfigurations = (
				372E3DFE2A8C818700F1AA11 /* Debug */,
				372E3DFF2A8C818700F1AA11 /* Release */,
			);
			defaultConfigurationIsVisible = 0;
			defaultConfigurationName = Release;
		};
		372E3E002A8C818700F1AA11 /* Build configuration list for PBXNativeTarget "Llama2-CoreML" */ = {
			isa = XCConfigurationList;
			buildConfigurations = (
				372E3E012A8C818700F1AA11 /* Debug */,
				372E3E022A8C818700F1AA11 /* Release */,
			);
			defaultConfigurationIsVisible = 0;
			defaultConfigurationName = Release;
		};
/* End XCConfigurationList section */
	};
	rootObject = 372E3DE42A8C818400F1AA11 /* Project object */;
}
